
Microsoft Visual Studio Solution File, Format Version 12.00
# Visual Studio Version 16
VisualStudioVersion = 16.0.31702.278
MinimumVisualStudioVersion = 10.0.40219.1
Project("{FAE04EC0-301F-11D3-BF4B-00C04F79EFBC}") = "Dlores.Ecommerce.Api", "Dlores.Ecommerce.Api\Dlores.Ecommerce.Api.csproj", "{F434526A-CE65-411F-A45B-9CF7E484DC4C}"
EndProject
Global
	GlobalSection(SolutionConfigurationPlatforms) = preSolution
		Debug|Any CPU = Debug|Any CPU
		Release|Any CPU = Release|Any CPU
	EndGlobalSection
	GlobalSection(ProjectConfigurationPlatforms) = postSolution
		{F434526A-CE65-411F-A45B-9CF7E484DC4C}.Debug|Any CPU.ActiveCfg = Debug|Any CPU
		{F434526A-CE65-411F-A45B-9CF7E484DC4C}.Debug|Any CPU.Build.0 = Debug|Any CPU
		{F434526A-CE65-411F-A45B-9CF7E484DC4C}.Release|Any CPU.ActiveCfg = Release|Any CPU
		{F434526A-CE65-411F-A45B-9CF7E484DC4C}.Release|Any CPU.Build.0 = Release|Any CPU
	EndGlobalSection
	GlobalSection(SolutionProperties) = preSolution
		HideSolutionNode = FALSE
	EndGlobalSection
	GlobalSection(ExtensibilityGlobals) = postSolution
		SolutionGuid = {1DBAF746-6EAC-4114-A4F8-87F79E1A6FD6}
	EndGlobalSection
EndGlobal
